
Microsoft Visual Studio Solution File, Format Version 12.00
# Visual Studio 15
VisualStudioVersion = 15.0.28307.168
MinimumVisualStudioVersion = 10.0.40219.1
Project("{FAE04EC0-301F-11D3-BF4B-00C04F79EFBC}") = "Moriyama.AuthorisedMedia", "Moriyama.AuthorisedMedia\Moriyama.AuthorisedMedia.csproj", "{BE05A35F-B837-46CB-8508-30389A4E5443}"
EndProject
Project("{FAE04EC0-301F-11D3-BF4B-00C04F79EFBC}") = "Moriyama.AuthorisedMedia.Web", "Moriyama.AuthorisedMedia.Web\Moriyama.AuthorisedMedia.Web.csproj", "{32438637-EB4C-4854-BB5B-F8644BE00DCB}"
EndProject
Global
	GlobalSection(SolutionConfigurationPlatforms) = preSolution
		Debug|Any CPU = Debug|Any CPU
		Release|Any CPU = Release|Any CPU
	EndGlobalSection
	GlobalSection(ProjectConfigurationPlatforms) = postSolution
		{BE05A35F-B837-46CB-8508-30389A4E5443}.Debug|Any CPU.ActiveCfg = Debug|Any CPU
		{BE05A35F-B837-46CB-8508-30389A4E5443}.Debug|Any CPU.Build.0 = Debug|Any CPU
		{BE05A35F-B837-46CB-8508-30389A4E5443}.Release|Any CPU.ActiveCfg = Release|Any CPU
		{BE05A35F-B837-46CB-8508-30389A4E5443}.Release|Any CPU.Build.0 = Release|Any CPU
		{32438637-EB4C-4854-BB5B-F8644BE00DCB}.Debug|Any CPU.ActiveCfg = Debug|Any CPU
		{32438637-EB4C-4854-BB5B-F8644BE00DCB}.Debug|Any CPU.Build.0 = Debug|Any CPU
		{32438637-EB4C-4854-BB5B-F8644BE00DCB}.Release|Any CPU.ActiveCfg = Release|Any CPU
		{32438637-EB4C-4854-BB5B-F8644BE00DCB}.Release|Any CPU.Build.0 = Release|Any CPU
	EndGlobalSection
	GlobalSection(SolutionProperties) = preSolution
		HideSolutionNode = FALSE
	EndGlobalSection
	GlobalSection(ExtensibilityGlobals) = postSolution
		SolutionGuid = {FF2A9E9B-D2C9-4EFF-8283-F3E0181B0805}
	EndGlobalSection
EndGlobal
